
Microsoft Visual Studio Solution File, Format Version 12.00
# Visual Studio 2013
VisualStudioVersion = 12.0.31101.0
MinimumVisualStudioVersion = 10.0.40219.1
Project("{FAE04EC0-301F-11D3-BF4B-00C04F79EFBC}") = "JsonBenchmark", "JsonBenchmark.csproj", "{2F9C5E70-99D4-4365-A243-61075B19FB5C}"
EndProject
Global
	GlobalSection(DslPlatformSolutionProperties) = preSolution
		ConnectionString = server=localhost;database=Benchmark;user=revenj;password=revenj
		PostgresMigration = False
		ApplyMigration = False
		SqlScriptsPath = ..\SQL
		Server.Compile = True
		Server.Target = ..\app
		Server.WithManualJson = True
		OfflineCompiler = dsl-compiler.exe
	EndGlobalSection
	GlobalSection(SolutionConfigurationPlatforms) = preSolution
		Debug|x86 = Debug|x86
		Release|x86 = Release|x86
	EndGlobalSection
	GlobalSection(ProjectConfigurationPlatforms) = postSolution
		{2F9C5E70-99D4-4365-A243-61075B19FB5C}.Debug|x86.ActiveCfg = Debug|x86
		{2F9C5E70-99D4-4365-A243-61075B19FB5C}.Debug|x86.Build.0 = Debug|x86
		{2F9C5E70-99D4-4365-A243-61075B19FB5C}.Release|x86.ActiveCfg = Release|x86
		{2F9C5E70-99D4-4365-A243-61075B19FB5C}.Release|x86.Build.0 = Release|x86
	EndGlobalSection
	GlobalSection(SolutionProperties) = preSolution
		HideSolutionNode = FALSE
	EndGlobalSection
EndGlobal
